
Microsoft Visual Studio Solution File, Format Version 12.00
# Visual Studio Version 17
VisualStudioVersion = 17.14.36915.13 d17.14
MinimumVisualStudioVersion = 10.0.40219.1
Project("{FAE04EC0-301F-11D3-BF4B-00C04F79EFBC}") = "WrapMlirText", "WrapMlirText.csproj", "{82EC18C5-907F-4297-BD0D-7577F2E69596}"
EndProject
Global
	GlobalSection(SolutionConfigurationPlatforms) = preSolution
		Debug|Any CPU = Debug|Any CPU
		Release|Any CPU = Release|Any CPU
	EndGlobalSection
	GlobalSection(ProjectConfigurationPlatforms) = postSolution
		{82EC18C5-907F-4297-BD0D-7577F2E69596}.Debug|Any CPU.ActiveCfg = Debug|Any CPU
		{82EC18C5-907F-4297-BD0D-7577F2E69596}.Debug|Any CPU.Build.0 = Debug|Any CPU
		{82EC18C5-907F-4297-BD0D-7577F2E69596}.Release|Any CPU.ActiveCfg = Release|Any CPU
		{82EC18C5-907F-4297-BD0D-7577F2E69596}.Release|Any CPU.Build.0 = Release|Any CPU
	EndGlobalSection
	GlobalSection(SolutionProperties) = preSolution
		HideSolutionNode = FALSE
	EndGlobalSection
	GlobalSection(ExtensibilityGlobals) = postSolution
		SolutionGuid = {6B6F1E52-08C1-42B4-8B83-039B5C8494A5}
	EndGlobalSection
EndGlobal
